
Microsoft Visual Studio Solution File, Format Version 12.00
# Visual Studio 15
VisualStudioVersion = 15.0.27703.2018
MinimumVisualStudioVersion = 10.0.40219.1
Project("{FAE04EC0-301F-11D3-BF4B-00C04F79EFBC}") = "Dorm and Meal Plan Calculator", "Dorm and Meal Plan Calculator\Dorm and Meal Plan Calculator.csproj", "{676367B4-07D8-42E1-976E-E7D7B01998E6}"
EndProject
Global
	GlobalSection(SolutionConfigurationPlatforms) = preSolution
		Debug|Any CPU = Debug|Any CPU
		Release|Any CPU = Release|Any CPU
	EndGlobalSection
	GlobalSection(ProjectConfigurationPlatforms) = postSolution
		{676367B4-07D8-42E1-976E-E7D7B01998E6}.Debug|Any CPU.ActiveCfg = Debug|Any CPU
		{676367B4-07D8-42E1-976E-E7D7B01998E6}.Debug|Any CPU.Build.0 = Debug|Any CPU
		{676367B4-07D8-42E1-976E-E7D7B01998E6}.Release|Any CPU.ActiveCfg = Release|Any CPU
		{676367B4-07D8-42E1-976E-E7D7B01998E6}.Release|Any CPU.Build.0 = Release|Any CPU
	EndGlobalSection
	GlobalSection(SolutionProperties) = preSolution
		HideSolutionNode = FALSE
	EndGlobalSection
	GlobalSection(ExtensibilityGlobals) = postSolution
		SolutionGuid = {92BA5F2D-231A-4E75-9197-633C8ACC8CAF}
	EndGlobalSection
EndGlobal
