using System;
using System.Collections.Generic;
using System.ComponentModel;
using System.Data;
using System.Drawing;
using System.Linq;
using System.Text;
using System.Threading.Tasks;
using System.Windows.Forms;

namespace Joe_s_Automotive
{
    public partial class Form1 : Form
    {
        //Constant field for variables.
        private const decimal tax = 0.09m;
        public Form1()
        {
            InitializeComponent();
        }

        //The TotalFees method sums up all parts and labor.
        private decimal TotalFees(decimal laborCost, decimal partsCost)
        {
            return (laborCost + partsCost) * tax + (laborCost + partsCost);
        }

        private void taxLabel_Click(object sender, EventArgs e)
        {

        }

        private void calculateTotalButton_Click(object sender, EventArgs e)
        {
            //Variables to hold total, labor, parts.
            decimal total, labor, parts, laborCost, partsCost,
                oil, lube, radiator, transmission, inspection,
                muffler, tire, taxTotal;

            //Get the labor hours input.
            if (decimal.TryParse(laborHoursTextBox.Text, out labor))
            {
                //Calculate labor cost.
                laborCost = labor * 20;

                //Display labor cost.
                laborLabel.Text = laborCost.ToString("c");
                servicesLaborLabel.Text = laborCost.ToString("c");

                //Set up conditions for parts with the checkboxes.
                if(oilChangeCheckBox.Checked == true)
                {
                    oil = 26;
                }
                else
                {
                    oil = 0;
                }
                if(lubeJobCheckBox.Checked == true)
                {
                    lube = 18;
                }
                else
                {
                    lube = 0;
                }
                if(radiatorFlushCheckBox.Checked == true)
                {
                    radiator = 30;
                }
                else
                {
                    radiator = 0;
                }
                if(transmissionFlushCheckBox.Checked == true)
                {
                    transmission = 80;
                }
                else
                {
                    transmission = 0;
                }
                if(inspectionCheckBox.Checked == true)
                {
                    inspection = 15;
                }
                else
                {
                    inspection = 0;
                }
                if(replaceMufflerCheckBox.Checked == true)
                {
                    muffler = 100;
                }
                else
                {
                    muffler = 0;
                }
                if(tireRotationCheckBox.Checked == true)
                {
                    tire = 20;
                }
                else
                {
                    tire = 0;
                }

                //Calculate total parts.
                parts = oil + lube + radiator + transmission + inspection +
                    muffler + tire;
                partsCost = oil + lube + radiator + transmission + inspection +
                    muffler + tire;

                //Display total parts.
                partsLabel.Text = parts.ToString("c");
                partsTotalLabel.Text = partsCost.ToString("c");

                //Calculate and display tax.
                taxTotal = (partsCost) * tax;
                taxLabel.Text = taxTotal.ToString("c");

                //Calculate and display total.
                total = TotalFees(laborCost, partsCost);
                totalFeesLabel.Text = total.ToString("c");
             
            }
        }

        private void clearButton_Click(object sender, EventArgs e)
        {
            oilChangeCheckBox.Checked = false;
            lubeJobCheckBox.Checked = false;
            radiatorFlushCheckBox.Checked = false;
            transmissionFlushCheckBox.Checked = false;
            inspectionCheckBox.Checked = false;
            replaceMufflerCheckBox.Checked = false;
            tireRotationCheckBox.Checked = false;
            laborHoursTextBox.Text = "";
            partsLabel.Text = "";
            laborLabel.Text = "";
            servicesLaborLabel.Text = "";
            partsTotalLabel.Text = "";
            taxLabel.Text = "";
            totalFeesLabel.Text = "";

            //Reset the focus.
            this.laborHoursTextBox.Focus();
        }

        private void exitButton_Click(object sender, EventArgs e)
        {
            this.Close();
        }
    }
}
